// !$*UTF8*$!
{
	archiveVersion = 1;
	classes = {
	};
	objectVersion = 46;
	objects = {

/* Begin PBXBuildFile section */
		2FA4EB0667A795B75E53B1C3 /* libPods.a in Frameworks */ = {isa = PBXBuildFile; fileRef = 735571BD0BAA1F5AA0E6A091 /* libPods.a */; };
		3649C9541A0984DB0058779D /* AppDelegate.swift in Sources */ = {isa = PBXBuildFile; fileRef = 3649C9531A0984DB0058779D /* AppDelegate.swift */; };
		3649C9561A0984DB0058779D /* ViewController.swift in Sources */ = {isa = PBXBuildFile; fileRef = 3649C9551A0984DB0058779D /* ViewController.swift */; };
		3649C9591A0984DB0058779D /* Main.storyboard in Resources */ = {isa = PBXBuildFile; fileRef = 3649C9571A0984DB0058779D /* Main.storyboard */; };
		3649C95B1A0984DB0058779D /* Images.xcassets in Resources */ = {isa = PBXBuildFile; fileRef = 3649C95A1A0984DB0058779D /* Images.xcassets */; };
		3649C95E1A0984DB0058779D /* LaunchScreen.xib in Resources */ = {isa = PBXBuildFile; fileRef = 3649C95C1A0984DB0058779D /* LaunchScreen.xib */; };
		3649C96A1A0984DB0058779D /* Place_itTests.swift in Sources */ = {isa = PBXBuildFile; fileRef = 3649C9691A0984DB0058779D /* Place_itTests.swift */; };
		364E58E31A1D146600A23EAC /* MessageManager.swift in Sources */ = {isa = PBXBuildFile; fileRef = 364E58E21A1D146600A23EAC /* MessageManager.swift */; };
		36CE221E1A0A81B300E6FFDA /* DraftsViewController.swift in Sources */ = {isa = PBXBuildFile; fileRef = 36CE221D1A0A81B300E6FFDA /* DraftsViewController.swift */; };
		36CE22201A0A832800E6FFDA /* InboxViewController.swift in Sources */ = {isa = PBXBuildFile; fileRef = 36CE221F1A0A832800E6FFDA /* InboxViewController.swift */; };
		36CE22221A0AD48200E6FFDA /* SentViewController.swift in Sources */ = {isa = PBXBuildFile; fileRef = 36CE22211A0AD48200E6FFDA /* SentViewController.swift */; };
		36CE22241A0AD5CA00E6FFDA /* TrashViewController.swift in Sources */ = {isa = PBXBuildFile; fileRef = 36CE22231A0AD5CA00E6FFDA /* TrashViewController.swift */; };
		36CE70E91A09D6C000B1E9B4 /* Place-itViewController.swift in Sources */ = {isa = PBXBuildFile; fileRef = 36CE70E81A09D6C000B1E9B4 /* Place-itViewController.swift */; };
		A7383AF71A14DA3F004E6019 /* CoreLocation.framework in Frameworks */ = {isa = PBXBuildFile; fileRef = A7383AF61A14DA3F004E6019 /* CoreLocation.framework */; };
		A7383AF91A14DA4C004E6019 /* CoreBluetooth.framework in Frameworks */ = {isa = PBXBuildFile; fileRef = A7383AF81A14DA4C004E6019 /* CoreBluetooth.framework */; };
		A7383AFB1A14DA5A004E6019 /* Foundation.framework in Frameworks */ = {isa = PBXBuildFile; fileRef = A7383AFA1A14DA5A004E6019 /* Foundation.framework */; };
		A7383AFD1A14DA6F004E6019 /* SystemConfiguration.framework in Frameworks */ = {isa = PBXBuildFile; fileRef = A7383AFC1A14DA6F004E6019 /* SystemConfiguration.framework */; };
/* End PBXBuildFile section */

/* Begin PBXContainerItemProxy section */
		3649C9641A0984DB0058779D /* PBXContainerItemProxy */ = {
			isa = PBXContainerItemProxy;
			containerPortal = 3649C9461A0984DB0058779D /* Project object */;
			proxyType = 1;
			remoteGlobalIDString = 3649C94D1A0984DB0058779D;
			remoteInfo = "Place-it";
		};
/* End PBXContainerItemProxy section */

/* Begin PBXFileReference section */
		0E4D832012D34F5EC13798BD /* Pods.release.xcconfig */ = {isa = PBXFileReference; includeInIndex = 1; lastKnownFileType = text.xcconfig; name = Pods.release.xcconfig; path = "../Pods/Target Support Files/Pods/Pods.release.xcconfig"; sourceTree = "<group>"; };
		3649C94E1A0984DB0058779D /* Place-it.app */ = {isa = PBXFileReference; explicitFileType = wrapper.application; includeInIndex = 0; path = "Place-it.app"; sourceTree = BUILT_PRODUCTS_DIR; };
		3649C9521A0984DB0058779D /* Info.plist */ = {isa = PBXFileReference; lastKnownFileType = text.plist.xml; path = Info.plist; sourceTree = "<group>"; };
		3649C9531A0984DB0058779D /* AppDelegate.swift */ = {isa = PBXFileReference; lastKnownFileType = sourcecode.swift; path = AppDelegate.swift; sourceTree = "<group>"; };
		3649C9551A0984DB0058779D /* ViewController.swift */ = {isa = PBXFileReference; lastKnownFileType = sourcecode.swift; path = ViewController.swift; sourceTree = "<group>"; };
		3649C9581A0984DB0058779D /* Base */ = {isa = PBXFileReference; lastKnownFileType = file.storyboard; name = Base; path = Base.lproj/Main.storyboard; sourceTree = "<group>"; };
		3649C95A1A0984DB0058779D /* Images.xcassets */ = {isa = PBXFileReference; lastKnownFileType = folder.assetcatalog; path = Images.xcassets; sourceTree = "<group>"; };
		3649C95D1A0984DB0058779D /* Base */ = {isa = PBXFileReference; lastKnownFileType = file.xib; name = Base; path = Base.lproj/LaunchScreen.xib; sourceTree = "<group>"; };
		3649C9631A0984DB0058779D /* Place-itTests.xctest */ = {isa = PBXFileReference; explicitFileType = wrapper.cfbundle; includeInIndex = 0; path = "Place-itTests.xctest"; sourceTree = BUILT_PRODUCTS_DIR; };
		3649C9681A0984DB0058779D /* Info.plist */ = {isa = PBXFileReference; lastKnownFileType = text.plist.xml; path = Info.plist; sourceTree = "<group>"; };
		3649C9691A0984DB0058779D /* Place_itTests.swift */ = {isa = PBXFileReference; lastKnownFileType = sourcecode.swift; path = Place_itTests.swift; sourceTree = "<group>"; };
		364E58E21A1D146600A23EAC /* MessageManager.swift */ = {isa = PBXFileReference; fileEncoding = 4; lastKnownFileType = sourcecode.swift; path = MessageManager.swift; sourceTree = "<group>"; };
		36CE221D1A0A81B300E6FFDA /* DraftsViewController.swift */ = {isa = PBXFileReference; fileEncoding = 4; lastKnownFileType = sourcecode.swift; name = DraftsViewController.swift; path = ../DraftsViewController.swift; sourceTree = "<group>"; };
		36CE221F1A0A832800E6FFDA /* InboxViewController.swift */ = {isa = PBXFileReference; fileEncoding = 4; lastKnownFileType = sourcecode.swift; name = InboxViewController.swift; path = ../InboxViewController.swift; sourceTree = "<group>"; };
		36CE22211A0AD48200E6FFDA /* SentViewController.swift */ = {isa = PBXFileReference; fileEncoding = 4; lastKnownFileType = sourcecode.swift; name = SentViewController.swift; path = ../SentViewController.swift; sourceTree = "<group>"; };
		36CE22231A0AD5CA00E6FFDA /* TrashViewController.swift */ = {isa = PBXFileReference; fileEncoding = 4; lastKnownFileType = sourcecode.swift; name = TrashViewController.swift; path = ../TrashViewController.swift; sourceTree = "<group>"; };
		36CE70E81A09D6C000B1E9B4 /* Place-itViewController.swift */ = {isa = PBXFileReference; fileEncoding = 4; lastKnownFileType = sourcecode.swift; name = "Place-itViewController.swift"; path = "../Place-itViewController.swift"; sourceTree = "<group>"; };
		5CD29EF672CD0D5CA59D7B94 /* Pods.debug.xcconfig */ = {isa = PBXFileReference; includeInIndex = 1; lastKnownFileType = text.xcconfig; name = Pods.debug.xcconfig; path = "../Pods/Target Support Files/Pods/Pods.debug.xcconfig"; sourceTree = "<group>"; };
		735571BD0BAA1F5AA0E6A091 /* libPods.a */ = {isa = PBXFileReference; explicitFileType = archive.ar; includeInIndex = 0; path = libPods.a; sourceTree = BUILT_PRODUCTS_DIR; };
		A7383AF61A14DA3F004E6019 /* CoreLocation.framework */ = {isa = PBXFileReference; lastKnownFileType = wrapper.framework; name = CoreLocation.framework; path = System/Library/Frameworks/CoreLocation.framework; sourceTree = SDKROOT; };
		A7383AF81A14DA4C004E6019 /* CoreBluetooth.framework */ = {isa = PBXFileReference; lastKnownFileType = wrapper.framework; name = CoreBluetooth.framework; path = System/Library/Frameworks/CoreBluetooth.framework; sourceTree = SDKROOT; };
		A7383AFA1A14DA5A004E6019 /* Foundation.framework */ = {isa = PBXFileReference; lastKnownFileType = wrapper.framework; name = Foundation.framework; path = System/Library/Frameworks/Foundation.framework; sourceTree = SDKROOT; };
		A7383AFC1A14DA6F004E6019 /* SystemConfiguration.framework */ = {isa = PBXFileReference; lastKnownFileType = wrapper.framework; name = SystemConfiguration.framework; path = System/Library/Frameworks/SystemConfiguration.framework; sourceTree = SDKROOT; };
		A77D37211A1E22F200AE100D /* CoreData.framework */ = {isa = PBXFileReference; lastKnownFileType = wrapper.framework; name = CoreData.framework; path = System/Library/Frameworks/CoreData.framework; sourceTree = SDKROOT; };
/* End PBXFileReference section */

/* Begin PBXFrameworksBuildPhase section */
		3649C94B1A0984DB0058779D /* Frameworks */ = {
			isa = PBXFrameworksBuildPhase;
			buildActionMask = 2147483647;
			files = (
				A7383AFD1A14DA6F004E6019 /* SystemConfiguration.framework in Frameworks */,
				A7383AFB1A14DA5A004E6019 /* Foundation.framework in Frameworks */,
				A7383AF91A14DA4C004E6019 /* CoreBluetooth.framework in Frameworks */,
				A7383AF71A14DA3F004E6019 /* CoreLocation.framework in Frameworks */,
				2FA4EB0667A795B75E53B1C3 /* libPods.a in Frameworks */,
			);
			runOnlyForDeploymentPostprocessing = 0;
		};
		3649C9601A0984DB0058779D /* Frameworks */ = {
			isa = PBXFrameworksBuildPhase;
			buildActionMask = 2147483647;
			files = (
			);
			runOnlyForDeploymentPostprocessing = 0;
		};
/* End PBXFrameworksBuildPhase section */

/* Begin PBXGroup section */
		3649C9451A0984DB0058779D = {
			isa = PBXGroup;
			children = (
				A77D37211A1E22F200AE100D /* CoreData.framework */,
				A7383AFC1A14DA6F004E6019 /* SystemConfiguration.framework */,
				A7383AFA1A14DA5A004E6019 /* Foundation.framework */,
				A7383AF81A14DA4C004E6019 /* CoreBluetooth.framework */,
				A7383AF61A14DA3F004E6019 /* CoreLocation.framework */,
				3649C9501A0984DB0058779D /* Place-it */,
				3649C9661A0984DB0058779D /* Place-itTests */,
				3649C94F1A0984DB0058779D /* Products */,
				8380C99244ABBE35FD89383B /* Pods */,
				AED15D148FC1B9FF9A601690 /* Frameworks */,
			);
			sourceTree = "<group>";
		};
		3649C94F1A0984DB0058779D /* Products */ = {
			isa = PBXGroup;
			children = (
				3649C94E1A0984DB0058779D /* Place-it.app */,
				3649C9631A0984DB0058779D /* Place-itTests.xctest */,
			);
			name = Products;
			sourceTree = "<group>";
		};
		3649C9501A0984DB0058779D /* Place-it */ = {
			isa = PBXGroup;
			children = (
				3649C9531A0984DB0058779D /* AppDelegate.swift */,
				3649C9551A0984DB0058779D /* ViewController.swift */,
				364E58E21A1D146600A23EAC /* MessageManager.swift */,
				36CE70E81A09D6C000B1E9B4 /* Place-itViewController.swift */,
				36CE221F1A0A832800E6FFDA /* InboxViewController.swift */,
				36CE22211A0AD48200E6FFDA /* SentViewController.swift */,
				36CE221D1A0A81B300E6FFDA /* DraftsViewController.swift */,
				36CE22231A0AD5CA00E6FFDA /* TrashViewController.swift */,
				3649C9571A0984DB0058779D /* Main.storyboard */,
				3649C95A1A0984DB0058779D /* Images.xcassets */,
				3649C95C1A0984DB0058779D /* LaunchScreen.xib */,
				3649C9511A0984DB0058779D /* Supporting Files */,
			);
			path = "Place-it";
			sourceTree = "<group>";
		};
		3649C9511A0984DB0058779D /* Supporting Files */ = {
			isa = PBXGroup;
			children = (
				3649C9521A0984DB0058779D /* Info.plist */,
			);
			name = "Supporting Files";
			sourceTree = "<group>";
		};
		3649C9661A0984DB0058779D /* Place-itTests */ = {
			isa = PBXGroup;
			children = (
				3649C9691A0984DB0058779D /* Place_itTests.swift */,
				3649C9671A0984DB0058779D /* Supporting Files */,
			);
			path = "Place-itTests";
			sourceTree = "<group>";
		};
		3649C9671A0984DB0058779D /* Supporting Files */ = {
			isa = PBXGroup;
			children = (
				3649C9681A0984DB0058779D /* Info.plist */,
			);
			name = "Supporting Files";
			sourceTree = "<group>";
		};
		8380C99244ABBE35FD89383B /* Pods */ = {
			isa = PBXGroup;
			children = (
				5CD29EF672CD0D5CA59D7B94 /* Pods.debug.xcconfig */,
				0E4D832012D34F5EC13798BD /* Pods.release.xcconfig */,
			);
			name = Pods;
			sourceTree = "<group>";
		};
		AED15D148FC1B9FF9A601690 /* Frameworks */ = {
			isa = PBXGroup;
			children = (
				735571BD0BAA1F5AA0E6A091 /* libPods.a */,
			);
			name = Frameworks;
			sourceTree = "<group>";
		};
/* End PBXGroup section */

/* Begin PBXNativeTarget section */
		3649C94D1A0984DB0058779D /* Place-it */ = {
			isa = PBXNativeTarget;
			buildConfigurationList = 3649C96D1A0984DB0058779D /* Build configuration list for PBXNativeTarget "Place-it" */;
			buildPhases = (
				2C0DC7FF403235C75E95AF83 /* Check Pods Manifest.lock */,
				3649C94A1A0984DB0058779D /* Sources */,
				3649C94B1A0984DB0058779D /* Frameworks */,
				3649C94C1A0984DB0058779D /* Resources */,
				1F8E87B4FF4948F290FFF4DA /* Copy Pods Resources */,
			);
			buildRules = (
			);
			dependencies = (
			);
			name = "Place-it";
			productName = "Place-it";
			productReference = 3649C94E1A0984DB0058779D /* Place-it.app */;
			productType = "com.apple.product-type.application";
		};
		3649C9621A0984DB0058779D /* Place-itTests */ = {
			isa = PBXNativeTarget;
			buildConfigurationList = 3649C9701A0984DB0058779D /* Build configuration list for PBXNativeTarget "Place-itTests" */;
			buildPhases = (
				3649C95F1A0984DB0058779D /* Sources */,
				3649C9601A0984DB0058779D /* Frameworks */,
				3649C9611A0984DB0058779D /* Resources */,
			);
			buildRules = (
			);
			dependencies = (
				3649C9651A0984DB0058779D /* PBXTargetDependency */,
			);
			name = "Place-itTests";
			productName = "Place-itTests";
			productReference = 3649C9631A0984DB0058779D /* Place-itTests.xctest */;
			productType = "com.apple.product-type.bundle.unit-test";
		};
/* End PBXNativeTarget section */

/* Begin PBXProject section */
		3649C9461A0984DB0058779D /* Project object */ = {
			isa = PBXProject;
			attributes = {
				LastUpgradeCheck = 0610;
				ORGANIZATIONNAME = "Ilona Michalowska & Irina Kalashnikova";
				TargetAttributes = {
					3649C94D1A0984DB0058779D = {
						CreatedOnToolsVersion = 6.1;
						DevelopmentTeam = B9NU7FF5WD;
					};
					3649C9621A0984DB0058779D = {
						CreatedOnToolsVersion = 6.1;
						DevelopmentTeam = B9NU7FF5WD;
						TestTargetID = 3649C94D1A0984DB0058779D;
					};
				};
			};
			buildConfigurationList = 3649C9491A0984DB0058779D /* Build configuration list for PBXProject "Place-it" */;
			compatibilityVersion = "Xcode 3.2";
			developmentRegion = English;
			hasScannedForEncodings = 0;
			knownRegions = (
				en,
				Base,
			);
			mainGroup = 3649C9451A0984DB0058779D;
			productRefGroup = 3649C94F1A0984DB0058779D /* Products */;
			projectDirPath = "";
			projectRoot = "";
			targets = (
				3649C94D1A0984DB0058779D /* Place-it */,
				3649C9621A0984DB0058779D /* Place-itTests */,
			);
		};
/* End PBXProject section */

/* Begin PBXResourcesBuildPhase section */
		3649C94C1A0984DB0058779D /* Resources */ = {
			isa = PBXResourcesBuildPhase;
			buildActionMask = 2147483647;
			files = (
				3649C9591A0984DB0058779D /* Main.storyboard in Resources */,
				3649C95E1A0984DB0058779D /* LaunchScreen.xib in Resources */,
				3649C95B1A0984DB0058779D /* Images.xcassets in Resources */,
			);
			runOnlyForDeploymentPostprocessing = 0;
		};
		3649C9611A0984DB0058779D /* Resources */ = {
			isa = PBXResourcesBuildPhase;
			buildActionMask = 2147483647;
			files = (
			);
			runOnlyForDeploymentPostprocessing = 0;
		};
/* End PBXResourcesBuildPhase section */

/* Begin PBXShellScriptBuildPhase section */
		1F8E87B4FF4948F290FFF4DA /* Copy Pods Resources */ = {
			isa = PBXShellScriptBuildPhase;
			buildActionMask = 2147483647;
			files = (
			);
			inputPaths = (
			);
			name = "Copy Pods Resources";
			outputPaths = (
			);
			runOnlyForDeploymentPostprocessing = 0;
			shellPath = /bin/sh;
			shellScript = "\"${SRCROOT}/../Pods/Target Support Files/Pods/Pods-resources.sh\"\n";
			showEnvVarsInLog = 0;
		};
		2C0DC7FF403235C75E95AF83 /* Check Pods Manifest.lock */ = {
			isa = PBXShellScriptBuildPhase;
			buildActionMask = 2147483647;
			files = (
			);
			inputPaths = (
			);
			name = "Check Pods Manifest.lock";
			outputPaths = (
			);
			runOnlyForDeploymentPostprocessing = 0;
			shellPath = /bin/sh;
			shellScript = "diff \"${PODS_ROOT}/../Podfile.lock\" \"${PODS_ROOT}/Manifest.lock\" > /dev/null\nif [[ $? != 0 ]] ; then\n    cat << EOM\nerror: The sandbox is not in sync with the Podfile.lock. Run 'pod install' or update your CocoaPods installation.\nEOM\n    exit 1\nfi\n";
			showEnvVarsInLog = 0;
		};
/* End PBXShellScriptBuildPhase section */

/* Begin PBXSourcesBuildPhase section */
		3649C94A1A0984DB0058779D /* Sources */ = {
			isa = PBXSourcesBuildPhase;
			buildActionMask = 2147483647;
			files = (
				36CE22201A0A832800E6FFDA /* InboxViewController.swift in Sources */,
				36CE22241A0AD5CA00E6FFDA /* TrashViewController.swift in Sources */,
				36CE221E1A0A81B300E6FFDA /* DraftsViewController.swift in Sources */,
				3649C9561A0984DB0058779D /* ViewController.swift in Sources */,
				3649C9541A0984DB0058779D /* AppDelegate.swift in Sources */,
				36CE22221A0AD48200E6FFDA /* SentViewController.swift in Sources */,
				36CE70E91A09D6C000B1E9B4 /* Place-itViewController.swift in Sources */,
				364E58E31A1D146600A23EAC /* MessageManager.swift in Sources */,
			);
			runOnlyForDeploymentPostprocessing = 0;
		};
		3649C95F1A0984DB0058779D /* Sources */ = {
			isa = PBXSourcesBuildPhase;
			buildActionMask = 2147483647;
			files = (
				3649C96A1A0984DB0058779D /* Place_itTests.swift in Sources */,
			);
			runOnlyForDeploymentPostprocessing = 0;
		};
/* End PBXSourcesBuildPhase section */

/* Begin PBXTargetDependency section */
		3649C9651A0984DB0058779D /* PBXTargetDependency */ = {
			isa = PBXTargetDependency;
			target = 3649C94D1A0984DB0058779D /* Place-it */;
			targetProxy = 3649C9641A0984DB0058779D /* PBXContainerItemProxy */;
		};
/* End PBXTargetDependency section */

/* Begin PBXVariantGroup section */
		3649C9571A0984DB0058779D /* Main.storyboard */ = {
			isa = PBXVariantGroup;
			children = (
				3649C9581A0984DB0058779D /* Base */,
			);
			name = Main.storyboard;
			sourceTree = "<group>";
		};
		3649C95C1A0984DB0058779D /* LaunchScreen.xib */ = {
			isa = PBXVariantGroup;
			children = (
				3649C95D1A0984DB0058779D /* Base */,
			);
			name = LaunchScreen.xib;
			sourceTree = "<group>";
		};
/* End PBXVariantGroup section */

/* Begin XCBuildConfiguration section */
		3649C96B1A0984DB0058779D /* Debug */ = {
			isa = XCBuildConfiguration;
			buildSettings = {
				ALWAYS_SEARCH_USER_PATHS = NO;
				CLANG_CXX_LANGUAGE_STANDARD = "gnu++0x";
				CLANG_CXX_LIBRARY = "libc++";
				CLANG_ENABLE_MODULES = YES;
				CLANG_ENABLE_OBJC_ARC = YES;
				CLANG_WARN_BOOL_CONVERSION = YES;
				CLANG_WARN_CONSTANT_CONVERSION = YES;
				CLANG_WARN_DIRECT_OBJC_ISA_USAGE = YES_ERROR;
				CLANG_WARN_EMPTY_BODY = YES;
				CLANG_WARN_ENUM_CONVERSION = YES;
				CLANG_WARN_INT_CONVERSION = YES;
				CLANG_WARN_OBJC_ROOT_CLASS = YES_ERROR;
				CLANG_WARN_UNREACHABLE_CODE = YES;
				CLANG_WARN__DUPLICATE_METHOD_MATCH = YES;
				"CODE_SIGN_IDENTITY[sdk=iphoneos*]" = "iPhone Developer";
				COPY_PHASE_STRIP = NO;
				ENABLE_STRICT_OBJC_MSGSEND = YES;
				GCC_C_LANGUAGE_STANDARD = gnu99;
				GCC_DYNAMIC_NO_PIC = NO;
				GCC_OPTIMIZATION_LEVEL = 0;
				GCC_PREPROCESSOR_DEFINITIONS = (
					"DEBUG=1",
					"$(inherited)",
				);
				GCC_SYMBOLS_PRIVATE_EXTERN = NO;
				GCC_WARN_64_TO_32_BIT_CONVERSION = YES;
				GCC_WARN_ABOUT_RETURN_TYPE = YES_ERROR;
				GCC_WARN_UNDECLARED_SELECTOR = YES;
				GCC_WARN_UNINITIALIZED_AUTOS = YES_AGGRESSIVE;
				GCC_WARN_UNUSED_FUNCTION = YES;
				GCC_WARN_UNUSED_VARIABLE = YES;
				IPHONEOS_DEPLOYMENT_TARGET = 8.1;
				MTL_ENABLE_DEBUG_INFO = YES;
				ONLY_ACTIVE_ARCH = YES;
				SDKROOT = iphoneos;
				SWIFT_OPTIMIZATION_LEVEL = "-Onone";
			};
			name = Debug;
		};
		3649C96C1A0984DB0058779D /* Release */ = {
			isa = XCBuildConfiguration;
			buildSettings = {
				ALWAYS_SEARCH_USER_PATHS = NO;
				CLANG_CXX_LANGUAGE_STANDARD = "gnu++0x";
				CLANG_CXX_LIBRARY = "libc++";
				CLANG_ENABLE_MODULES = YES;
				CLANG_ENABLE_OBJC_ARC = YES;
				CLANG_WARN_BOOL_CONVERSION = YES;
				CLANG_WARN_CONSTANT_CONVERSION = YES;
				CLANG_WARN_DIRECT_OBJC_ISA_USAGE = YES_ERROR;
				CLANG_WARN_EMPTY_BODY = YES;
				CLANG_WARN_ENUM_CONVERSION = YES;
				CLANG_WARN_INT_CONVERSION = YES;
				CLANG_WARN_OBJC_ROOT_CLASS = YES_ERROR;
				CLANG_WARN_UNREACHABLE_CODE = YES;
				CLANG_WARN__DUPLICATE_METHOD_MATCH = YES;
				"CODE_SIGN_IDENTITY[sdk=iphoneos*]" = "iPhone Developer";
				COPY_PHASE_STRIP = YES;
				ENABLE_NS_ASSERTIONS = NO;
				ENABLE_STRICT_OBJC_MSGSEND = YES;
				GCC_C_LANGUAGE_STANDARD = gnu99;
				GCC_WARN_64_TO_32_BIT_CONVERSION = YES;
				GCC_WARN_ABOUT_RETURN_TYPE = YES_ERROR;
				GCC_WARN_UNDECLARED_SELECTOR = YES;
				GCC_WARN_UNINITIALIZED_AUTOS = YES_AGGRESSIVE;
				GCC_WARN_UNUSED_FUNCTION = YES;
				GCC_WARN_UNUSED_VARIABLE = YES;
				IPHONEOS_DEPLOYMENT_TARGET = 8.1;
				MTL_ENABLE_DEBUG_INFO = NO;
				SDKROOT = iphoneos;
				VALIDATE_PRODUCT = YES;
			};
			name = Release;
		};
		3649C96E1A0984DB0058779D /* Debug */ = {
			isa = XCBuildConfiguration;
			baseConfigurationReference = 5CD29EF672CD0D5CA59D7B94 /* Pods.debug.xcconfig */;
			buildSettings = {
				ASSETCATALOG_COMPILER_APPICON_NAME = AppIcon;
				CODE_SIGN_IDENTITY = "iPhone Developer";
				"CODE_SIGN_IDENTITY[sdk=iphoneos*]" = "iPhone Developer";
				INFOPLIST_FILE = "Place-it/Info.plist";
				IPHONEOS_DEPLOYMENT_TARGET = 8.0;
				LD_RUNPATH_SEARCH_PATHS = "$(inherited) @executable_path/Frameworks";
				LIBRARY_SEARCH_PATHS = (
					"$(inherited)",
					"/Users/irinakalashnikova/src/GitHub/iOS-SDK/EstimoteSDK",
				);
				"LIBRARY_SEARCH_PATHS[arch=*]" = (
					"$(inherited)",
					"/Users/irinakalashnikova/src/GitHub/iOS-SDK/EstimoteSDK",
				);
				PRODUCT_NAME = "$(TARGET_NAME)";
				PROVISIONING_PROFILE = "";
			};
			name = Debug;
		};
		3649C96F1A0984DB0058779D /* Release */ = {
			isa = XCBuildConfiguration;
			baseConfigurationReference = 0E4D832012D34F5EC13798BD /* Pods.release.xcconfig */;
			buildSettings = {
				ASSETCATALOG_COMPILER_APPICON_NAME = AppIcon;
				CODE_SIGN_IDENTITY = "iPhone Developer";
				"CODE_SIGN_IDENTITY[sdk=iphoneos*]" = "iPhone Developer";
				INFOPLIST_FILE = "Place-it/Info.plist";
				IPHONEOS_DEPLOYMENT_TARGET = 8.0;
				LD_RUNPATH_SEARCH_PATHS = "$(inherited) @executable_path/Frameworks";
				LIBRARY_SEARCH_PATHS = (
					"$(inherited)",
					"/Users/irinakalashnikova/src/GitHub/iOS-SDK/EstimoteSDK",
				);
				PRODUCT_NAME = "$(TARGET_NAME)";
				PROVISIONING_PROFILE = "";
			};
			name = Release;
		};
		3649C9711A0984DB0058779D /* Debug */ = {
			isa = XCBuildConfiguration;
			buildSettings = {
				BUNDLE_LOADER = "$(TEST_HOST)";
				FRAMEWORK_SEARCH_PATHS = (
					"$(SDKROOT)/Developer/Library/Frameworks",
					"$(inherited)",
				);
				GCC_PREPROCESSOR_DEFINITIONS = (
					"DEBUG=1",
					"$(inherited)",
				);
				INFOPLIST_FILE = "Place-itTests/Info.plist";
				LD_RUNPATH_SEARCH_PATHS = "$(inherited) @executable_path/Frameworks @loader_path/Frameworks";
				PRODUCT_NAME = "$(TARGET_NAME)";
				TEST_HOST = "$(BUILT_PRODUCTS_DIR)/Place-it.app/Place-it";
			};
			name = Debug;
		};
		3649C9721A0984DB0058779D /* Release */ = {
			isa = XCBuildConfiguration;
			buildSettings = {
				BUNDLE_LOADER = "$(TEST_HOST)";
				FRAMEWORK_SEARCH_PATHS = (
					"$(SDKROOT)/Developer/Library/Frameworks",
					"$(inherited)",
				);
				INFOPLIST_FILE = "Place-itTests/Info.plist";
				LD_RUNPATH_SEARCH_PATHS = "$(inherited) @executable_path/Frameworks @loader_path/Frameworks";
				PRODUCT_NAME = "$(TARGET_NAME)";
				TEST_HOST = "$(BUILT_PRODUCTS_DIR)/Place-it.app/Place-it";
			};
			name = Release;
		};
/* End XCBuildConfiguration section */

/* Begin XCConfigurationList section */
		3649C9491A0984DB0058779D /* Build configuration list for PBXProject "Place-it" */ = {
			isa = XCConfigurationList;
			buildConfigurations = (
				3649C96B1A0984DB0058779D /* Debug */,
				3649C96C1A0984DB0058779D /* Release */,
			);
			defaultConfigurationIsVisible = 0;
			defaultConfigurationName = Release;
		};
		3649C96D1A0984DB0058779D /* Build configuration list for PBXNativeTarget "Place-it" */ = {
			isa = XCConfigurationList;
			buildConfigurations = (
				3649C96E1A0984DB0058779D /* Debug */,
				3649C96F1A0984DB0058779D /* Release */,
			);
			defaultConfigurationIsVisible = 0;
			defaultConfigurationName = Release;
		};
		3649C9701A0984DB0058779D /* Build configuration list for PBXNativeTarget "Place-itTests" */ = {
			isa = XCConfigurationList;
			buildConfigurations = (
				3649C9711A0984DB0058779D /* Debug */,
				3649C9721A0984DB0058779D /* Release */,
			);
			defaultConfigurationIsVisible = 0;
			defaultConfigurationName = Release;
		};
/* End XCConfigurationList section */
	};
	rootObject = 3649C9461A0984DB0058779D /* Project object */;
}
